
Microsoft Visual Studio Solution File, Format Version 12.00
# Visual Studio 15
VisualStudioVersion = 15.0.28307.329
MinimumVisualStudioVersion = 10.0.40219.1
Project("{FAE04EC0-301F-11D3-BF4B-00C04F79EFBC}") = "EmailConfirmation", "EmailConfirmation\EmailConfirmation.csproj", "{4B2B35E0-DBC8-46D9-A9C5-EC9394F5BFAF}"
EndProject
Global
	GlobalSection(SolutionConfigurationPlatforms) = preSolution
		Debug|Any CPU = Debug|Any CPU
		Release|Any CPU = Release|Any CPU
	EndGlobalSection
	GlobalSection(ProjectConfigurationPlatforms) = postSolution
		{4B2B35E0-DBC8-46D9-A9C5-EC9394F5BFAF}.Debug|Any CPU.ActiveCfg = Debug|Any CPU
		{4B2B35E0-DBC8-46D9-A9C5-EC9394F5BFAF}.Debug|Any CPU.Build.0 = Debug|Any CPU
		{4B2B35E0-DBC8-46D9-A9C5-EC9394F5BFAF}.Release|Any CPU.ActiveCfg = Release|Any CPU
		{4B2B35E0-DBC8-46D9-A9C5-EC9394F5BFAF}.Release|Any CPU.Build.0 = Release|Any CPU
	EndGlobalSection
	GlobalSection(SolutionProperties) = preSolution
		HideSolutionNode = FALSE
	EndGlobalSection
	GlobalSection(ExtensibilityGlobals) = postSolution
		SolutionGuid = {28AB7173-E572-4923-8BBF-5E59BC7C91C0}
	EndGlobalSection
EndGlobal
